# THIS IS AN AUTOGENERATED FILE. DO NOT EDIT THIS FILE DIRECTLY.
# yarn lockfile v1


"@prisma/client@2.0.0-preview020.3":
  version "2.0.0-preview020.3"
  resolved "https://registry.yarnpkg.com/@prisma/client/-/client-2.0.0-preview020.3.tgz#c1042cba540b580d8068f32654bb1e9519fc81a7"
  integrity sha512-W+CXyj8Z1UFpWXDMMUTql2QdtxfDrNKYa2F7jdU/Qb5PKBankmQeDlUSWfBNWAoTHUREQ5Q+gGOFRVoHfMvaow==

prisma2@^2.0.0-preview021:
  version "2.0.0-preview021"
  resolved "https://registry.yarnpkg.com/prisma2/-/prisma2-2.0.0-preview021.tgz#3d27b7f1e2ac519ba0851e0bcc92eb5da1460e50"
  integrity sha512-Llj0U+t4kWrC75U2ReDFRQkch/nwfDtO94k71UcNa/88ABjE03uwgw3EbSke7GB5VOl0nXUKRlzEAyk5SS3jqA==
